{
  "nodes": {
    "flake-utils": {
      "locked": {
        "lastModified": 1656928814,
        "narHash": "sha256-RIFfgBuKz6Hp89yRr7+NR5tzIAbn52h8vT6vXkYjZoM=",
        "owner": "numtide",
        "repo": "flake-utils",
        "rev": "7e2a3b3dfd9af950a856d66b0a7d01e3c18aa249",
        "type": "github"
      },
      "original": {
        "owner": "numtide",
        "repo": "flake-utils",
        "type": "github"
      }
    },
    "nixos-hardware": {
      "locked": {
        "lastModified": 1659256765,
        "narHash": "sha256-RE4l6J+ApJ1vd4QFDhbEasv0M/deTxSK5IsIBYXuHmE=",
        "owner": "NixOS",
        "repo": "nixos-hardware",
        "rev": "727a099e871ff10ae09a1ebd056a5ba4b9dbe50f",
        "type": "github"
      },
      "original": {
        "owner": "NixOS",
        "repo": "nixos-hardware",
        "type": "github"
      }
    },
    "nixpkgs": {
      "locked": {
        "lastModified": 1659153955,
        "narHash": "sha256-BAdA1WBHi/TBSaeyDjsVIqe62r0w/5ZvsaglXivOLLM=",
        "owner": "NixOS",
        "repo": "nixpkgs",
        "rev": "1e5d0fbd82f0f1370c70026d255deda2d9c8a585",
        "type": "github"
      },
      "original": {
        "id": "nixpkgs",
        "ref": "nixos-22.05",
        "type": "indirect"
      }
    },
    "root": {
      "inputs": {
        "flake-utils": "flake-utils",
        "nixos-hardware": "nixos-hardware",
        "nixpkgs": "nixpkgs"
      }
    }
  },
  "root": "root",
  "version": 7
}
