{
  "nodes": {
    "nixos-hardware": {
      "locked": {
        "lastModified": 1710783728,
        "narHash": "sha256-eIsfu3c9JUBgm3cURSKTXLEI9Dlk1azo+MWKZVqrmkc=",
        "owner": "NixOS",
        "repo": "nixos-hardware",
        "rev": "1e679b9a9970780cd5d4dfe755a74a8f96d33388",
        "type": "github"
      },
      "original": {
        "owner": "NixOS",
        "repo": "nixos-hardware",
        "type": "github"
      }
    },
    "nixpkgs": {
      "locked": {
        "lastModified": 1710806803,
        "narHash": "sha256-qrxvLS888pNJFwJdK+hf1wpRCSQcqA6W5+Ox202NDa0=",
        "owner": "NixOS",
        "repo": "nixpkgs",
        "rev": "b06025f1533a1e07b6db3e75151caa155d1c7eb3",
        "type": "github"
      },
      "original": {
        "id": "nixpkgs",
        "ref": "nixos-unstable",
        "type": "indirect"
      }
    },
    "root": {
      "inputs": {
        "nixos-hardware": "nixos-hardware",
        "nixpkgs": "nixpkgs"
      }
    }
  },
  "root": "root",
  "version": 7
}
